// !$*UTF8*$!
{
	archiveVersion = 1;
	classes = {
	};
	objectVersion = 56;
	objects = {

/* Begin PBXBuildFile section */
		100ABEB6BC301C9D1A5C3C28 /* Pods_SportyTests.framework in Frameworks */ = {isa = PBXBuildFile; fileRef = 7B7E0799B68045F22B05536E /* Pods_SportyTests.framework */; };
		9E6BA988CB2146CA75879CF9 /* Pods_Sporty.framework in Frameworks */ = {isa = PBXBuildFile; fileRef = 20D8F31298EC99EA8B69357C /* Pods_Sporty.framework */; };
		EE08055C2A29108F00C59E94 /* ApiServiceTests.swift in Sources */ = {isa = PBXBuildFile; fileRef = EE08055B2A29108F00C59E94 /* ApiServiceTests.swift */; };
		EE0B0B2C2A211D600089F0EA /* Team.swift in Sources */ = {isa = PBXBuildFile; fileRef = EE0B0B2B2A211D600089F0EA /* Team.swift */; };
		EE0B0B2E2A211DD60089F0EA /* FootballTeam.swift in Sources */ = {isa = PBXBuildFile; fileRef = EE0B0B2D2A211DD60089F0EA /* FootballTeam.swift */; };
		EE0B0B302A211EDC0089F0EA /* BasketballTeam.swift in Sources */ = {isa = PBXBuildFile; fileRef = EE0B0B2F2A211EDC0089F0EA /* BasketballTeam.swift */; };
		EE0B0B322A211EF80089F0EA /* CricketTeam.swift in Sources */ = {isa = PBXBuildFile; fileRef = EE0B0B312A211EF80089F0EA /* CricketTeam.swift */; };
		EE0E943B2A27C92A00FE4F46 /* FavouriteViewModel.swift in Sources */ = {isa = PBXBuildFile; fileRef = EE0E943A2A27C92A00FE4F46 /* FavouriteViewModel.swift */; };
		EE2728B72A1CD8E7002F89B8 /* LeagueViewController.swift in Sources */ = {isa = PBXBuildFile; fileRef = EE2728B62A1CD8E7002F89B8 /* LeagueViewController.swift */; };
		EE2728B92A1CEB26002F89B8 /* LeagueViewModel.swift in Sources */ = {isa = PBXBuildFile; fileRef = EE2728B82A1CEB26002F89B8 /* LeagueViewModel.swift */; };
		EE2728BB2A1D3A83002F89B8 /* FootballLeagues.swift in Sources */ = {isa = PBXBuildFile; fileRef = EE2728BA2A1D3A83002F89B8 /* FootballLeagues.swift */; };
		EE27C1622A1A7962006CF044 /* AppDelegate.swift in Sources */ = {isa = PBXBuildFile; fileRef = EE27C1612A1A7962006CF044 /* AppDelegate.swift */; };
		EE27C1642A1A7962006CF044 /* SceneDelegate.swift in Sources */ = {isa = PBXBuildFile; fileRef = EE27C1632A1A7962006CF044 /* SceneDelegate.swift */; };
		EE27C1662A1A7962006CF044 /* HomeViewController.swift in Sources */ = {isa = PBXBuildFile; fileRef = EE27C1652A1A7962006CF044 /* HomeViewController.swift */; };
		EE27C1692A1A7962006CF044 /* Main.storyboard in Resources */ = {isa = PBXBuildFile; fileRef = EE27C1672A1A7962006CF044 /* Main.storyboard */; };
		EE27C16C2A1A7962006CF044 /* Sporty.xcdatamodeld in Sources */ = {isa = PBXBuildFile; fileRef = EE27C16A2A1A7962006CF044 /* Sporty.xcdatamodeld */; };
		EE27C16E2A1A7963006CF044 /* Assets.xcassets in Resources */ = {isa = PBXBuildFile; fileRef = EE27C16D2A1A7963006CF044 /* Assets.xcassets */; };
		EE27C1712A1A7963006CF044 /* LaunchScreen.storyboard in Resources */ = {isa = PBXBuildFile; fileRef = EE27C16F2A1A7963006CF044 /* LaunchScreen.storyboard */; };
		EE27C17C2A1A7963006CF044 /* SportyTests.swift in Sources */ = {isa = PBXBuildFile; fileRef = EE27C17B2A1A7963006CF044 /* SportyTests.swift */; };
		EE27C1862A1A7963006CF044 /* SportyUITests.swift in Sources */ = {isa = PBXBuildFile; fileRef = EE27C1852A1A7963006CF044 /* SportyUITests.swift */; };
		EE27C1882A1A7963006CF044 /* SportyUITestsLaunchTests.swift in Sources */ = {isa = PBXBuildFile; fileRef = EE27C1872A1A7963006CF044 /* SportyUITestsLaunchTests.swift */; };
		EE30C4E42A20D0FF00F35C09 /* FootballEvent.swift in Sources */ = {isa = PBXBuildFile; fileRef = EE30C4E32A20D0FF00F35C09 /* FootballEvent.swift */; };
		EE30C4E62A20D11100F35C09 /* BasketballEvent.swift in Sources */ = {isa = PBXBuildFile; fileRef = EE30C4E52A20D11100F35C09 /* BasketballEvent.swift */; };
		EE30C4E82A20D12100F35C09 /* CricketEvent.swift in Sources */ = {isa = PBXBuildFile; fileRef = EE30C4E72A20D12100F35C09 /* CricketEvent.swift */; };
		EE30C4EA2A20D13000F35C09 /* TennisEvent.swift in Sources */ = {isa = PBXBuildFile; fileRef = EE30C4E92A20D13000F35C09 /* TennisEvent.swift */; };
		EE30C4EC2A20D7DB00F35C09 /* Event.swift in Sources */ = {isa = PBXBuildFile; fileRef = EE30C4EB2A20D7DB00F35C09 /* Event.swift */; };
		EE30C4EE2A20E5D500F35C09 /* Helpers.swift in Sources */ = {isa = PBXBuildFile; fileRef = EE30C4ED2A20E5D500F35C09 /* Helpers.swift */; };
		EE313B062A212DA700251FBC /* LeagueDetailsViewCell.swift in Sources */ = {isa = PBXBuildFile; fileRef = EE313B042A212DA700251FBC /* LeagueDetailsViewCell.swift */; };
		EE313B072A212DA700251FBC /* LeagueDetailsViewCell.xib in Resources */ = {isa = PBXBuildFile; fileRef = EE313B052A212DA700251FBC /* LeagueDetailsViewCell.xib */; };
		EE313B0E2A2187F900251FBC /* TeamDetailsViewController.swift in Sources */ = {isa = PBXBuildFile; fileRef = EE313B0D2A2187F900251FBC /* TeamDetailsViewController.swift */; };
		EE313B112A21883C00251FBC /* TeamDetailsViewCell.swift in Sources */ = {isa = PBXBuildFile; fileRef = EE313B0F2A21883C00251FBC /* TeamDetailsViewCell.swift */; };
		EE3188272A253D4900FD72E3 /* LeagueTableViewCell.xib in Resources */ = {isa = PBXBuildFile; fileRef = EE3188262A253D4900FD72E3 /* LeagueTableViewCell.xib */; };
		EE35D3952A238E97002DB0A1 /* LeagueDetailsViewModel.swift in Sources */ = {isa = PBXBuildFile; fileRef = EE35D3942A238E97002DB0A1 /* LeagueDetailsViewModel.swift */; };
		EE5C40092A1A9E52008EA0F6 /* SportsCollectionViewCell.swift in Sources */ = {isa = PBXBuildFile; fileRef = EE5C40082A1A9E52008EA0F6 /* SportsCollectionViewCell.swift */; };
		EE5C400B2A1AAA8A008EA0F6 /* basketball.png in Resources */ = {isa = PBXBuildFile; fileRef = EE5C400A2A1AAA8A008EA0F6 /* basketball.png */; };
		EE5C400F2A1AC836008EA0F6 /* football.png in Resources */ = {isa = PBXBuildFile; fileRef = EE5C400C2A1AC836008EA0F6 /* football.png */; };
		EE5C40102A1AC836008EA0F6 /* tennis.png in Resources */ = {isa = PBXBuildFile; fileRef = EE5C400D2A1AC836008EA0F6 /* tennis.png */; };
		EE5C40112A1AC836008EA0F6 /* cricket.png in Resources */ = {isa = PBXBuildFile; fileRef = EE5C400E2A1AC836008EA0F6 /* cricket.png */; };
		EE6297B32A29372E00382658 /* MockApiService.swift in Sources */ = {isa = PBXBuildFile; fileRef = EE6297B22A29372E00382658 /* MockApiService.swift */; };
		EE67AF842A1BB04500B198CE /* FavouritesTableViewController.swift in Sources */ = {isa = PBXBuildFile; fileRef = EE67AF832A1BB04500B198CE /* FavouritesTableViewController.swift */; };
		EE67AF8B2A1BCE9D00B198CE /* LeagueTableViewCell.swift in Sources */ = {isa = PBXBuildFile; fileRef = EE67AF892A1BCE9D00B198CE /* LeagueTableViewCell.swift */; };
		EE67AF912A1BFF9300B198CE /* ApiService.swift in Sources */ = {isa = PBXBuildFile; fileRef = EE67AF902A1BFF9300B198CE /* ApiService.swift */; };
		EE8960092A2266DE00D0A0D6 /* LeagueAllDetailsViewController.swift in Sources */ = {isa = PBXBuildFile; fileRef = EE8960082A2266DE00D0A0D6 /* LeagueAllDetailsViewController.swift */; };
		EE966AC32A29528E003D8DF1 /* MockApiServiceTests.swift in Sources */ = {isa = PBXBuildFile; fileRef = EE966AC22A29528E003D8DF1 /* MockApiServiceTests.swift */; };
		EEB47CE92A267C1C00E7E79A /* TeamDetailsViewModel.swift in Sources */ = {isa = PBXBuildFile; fileRef = EEB47CE82A267C1C00E7E79A /* TeamDetailsViewModel.swift */; };
		EEE4D9A62A20036E00C41B76 /* ApiResponseModel.swift in Sources */ = {isa = PBXBuildFile; fileRef = EEE4D9A52A20036E00C41B76 /* ApiResponseModel.swift */; };
		EEE4D9A82A20045500C41B76 /* Leagues.swift in Sources */ = {isa = PBXBuildFile; fileRef = EEE4D9A72A20045500C41B76 /* Leagues.swift */; };
		EEE4D9AB2A20096E00C41B76 /* BasketballLeagues.swift in Sources */ = {isa = PBXBuildFile; fileRef = EEE4D9AA2A20096E00C41B76 /* BasketballLeagues.swift */; };
		EEE4D9AD2A20099A00C41B76 /* CricketLeagues.swift in Sources */ = {isa = PBXBuildFile; fileRef = EEE4D9AC2A20099A00C41B76 /* CricketLeagues.swift */; };
		EEE4D9AF2A2009AD00C41B76 /* TennisLeagues.swift in Sources */ = {isa = PBXBuildFile; fileRef = EEE4D9AE2A2009AD00C41B76 /* TennisLeagues.swift */; };
		EEFDC5492A2570200078AF30 /* TeamViewCell.swift in Sources */ = {isa = PBXBuildFile; fileRef = EEFDC5472A2570200078AF30 /* TeamViewCell.swift */; };
		EEFDC54A2A2570200078AF30 /* TeamViewCell.xib in Resources */ = {isa = PBXBuildFile; fileRef = EEFDC5482A2570200078AF30 /* TeamViewCell.xib */; };
		F26A0C272E0AC6C143906950 /* Pods_Sporty_SportyUITests.framework in Frameworks */ = {isa = PBXBuildFile; fileRef = 9318653AF533730F19F4B3D9 /* Pods_Sporty_SportyUITests.framework */; };
/* End PBXBuildFile section */

/* Begin PBXContainerItemProxy section */
		EE27C1782A1A7963006CF044 /* PBXContainerItemProxy */ = {
			isa = PBXContainerItemProxy;
			containerPortal = EE27C1562A1A7961006CF044 /* Project object */;
			proxyType = 1;
			remoteGlobalIDString = EE27C15D2A1A7962006CF044;
			remoteInfo = Sporty;
		};
		EE27C1822A1A7963006CF044 /* PBXContainerItemProxy */ = {
			isa = PBXContainerItemProxy;
			containerPortal = EE27C1562A1A7961006CF044 /* Project object */;
			proxyType = 1;
			remoteGlobalIDString = EE27C15D2A1A7962006CF044;
			remoteInfo = Sporty;
		};
/* End PBXContainerItemProxy section */

/* Begin PBXFileReference section */
		1BF6977D649EE2D75C7AFE93 /* Pods-Sporty-SportyUITests.debug.xcconfig */ = {isa = PBXFileReference; includeInIndex = 1; lastKnownFileType = text.xcconfig; name = "Pods-Sporty-SportyUITests.debug.xcconfig"; path = "Target Support Files/Pods-Sporty-SportyUITests/Pods-Sporty-SportyUITests.debug.xcconfig"; sourceTree = "<group>"; };
		20D8F31298EC99EA8B69357C /* Pods_Sporty.framework */ = {isa = PBXFileReference; explicitFileType = wrapper.framework; includeInIndex = 0; path = Pods_Sporty.framework; sourceTree = BUILT_PRODUCTS_DIR; };
		28A1172CB9D0FCBBFA2CF431 /* Pods-Sporty.debug.xcconfig */ = {isa = PBXFileReference; includeInIndex = 1; lastKnownFileType = text.xcconfig; name = "Pods-Sporty.debug.xcconfig"; path = "Target Support Files/Pods-Sporty/Pods-Sporty.debug.xcconfig"; sourceTree = "<group>"; };
		7B7E0799B68045F22B05536E /* Pods_SportyTests.framework */ = {isa = PBXFileReference; explicitFileType = wrapper.framework; includeInIndex = 0; path = Pods_SportyTests.framework; sourceTree = BUILT_PRODUCTS_DIR; };
		9318653AF533730F19F4B3D9 /* Pods_Sporty_SportyUITests.framework */ = {isa = PBXFileReference; explicitFileType = wrapper.framework; includeInIndex = 0; path = Pods_Sporty_SportyUITests.framework; sourceTree = BUILT_PRODUCTS_DIR; };
		964FF7D4A6C6B096F1015296 /* Pods-SportyTests.debug.xcconfig */ = {isa = PBXFileReference; includeInIndex = 1; lastKnownFileType = text.xcconfig; name = "Pods-SportyTests.debug.xcconfig"; path = "Target Support Files/Pods-SportyTests/Pods-SportyTests.debug.xcconfig"; sourceTree = "<group>"; };
		CDA78C078BF7B0D6994ECDF3 /* Pods-SportyTests.release.xcconfig */ = {isa = PBXFileReference; includeInIndex = 1; lastKnownFileType = text.xcconfig; name = "Pods-SportyTests.release.xcconfig"; path = "Target Support Files/Pods-SportyTests/Pods-SportyTests.release.xcconfig"; sourceTree = "<group>"; };
		E168B33C83275F4DAC29E79C /* Pods-Sporty.release.xcconfig */ = {isa = PBXFileReference; includeInIndex = 1; lastKnownFileType = text.xcconfig; name = "Pods-Sporty.release.xcconfig"; path = "Target Support Files/Pods-Sporty/Pods-Sporty.release.xcconfig"; sourceTree = "<group>"; };
		E5B49307847B9972D742C8F6 /* Pods-Sporty-SportyUITests.release.xcconfig */ = {isa = PBXFileReference; includeInIndex = 1; lastKnownFileType = text.xcconfig; name = "Pods-Sporty-SportyUITests.release.xcconfig"; path = "Target Support Files/Pods-Sporty-SportyUITests/Pods-Sporty-SportyUITests.release.xcconfig"; sourceTree = "<group>"; };
		EE08055B2A29108F00C59E94 /* ApiServiceTests.swift */ = {isa = PBXFileReference; lastKnownFileType = sourcecode.swift; path = ApiServiceTests.swift; sourceTree = "<group>"; };
		EE0B0B2B2A211D600089F0EA /* Team.swift */ = {isa = PBXFileReference; lastKnownFileType = sourcecode.swift; path = Team.swift; sourceTree = "<group>"; };
		EE0B0B2D2A211DD60089F0EA /* FootballTeam.swift */ = {isa = PBXFileReference; lastKnownFileType = sourcecode.swift; path = FootballTeam.swift; sourceTree = "<group>"; };
		EE0B0B2F2A211EDC0089F0EA /* BasketballTeam.swift */ = {isa = PBXFileReference; lastKnownFileType = sourcecode.swift; path = BasketballTeam.swift; sourceTree = "<group>"; };
		EE0B0B312A211EF80089F0EA /* CricketTeam.swift */ = {isa = PBXFileReference; lastKnownFileType = sourcecode.swift; path = CricketTeam.swift; sourceTree = "<group>"; };
		EE0E943A2A27C92A00FE4F46 /* FavouriteViewModel.swift */ = {isa = PBXFileReference; lastKnownFileType = sourcecode.swift; path = FavouriteViewModel.swift; sourceTree = "<group>"; };
		EE2728B62A1CD8E7002F89B8 /* LeagueViewController.swift */ = {isa = PBXFileReference; lastKnownFileType = sourcecode.swift; path = LeagueViewController.swift; sourceTree = "<group>"; };
		EE2728B82A1CEB26002F89B8 /* LeagueViewModel.swift */ = {isa = PBXFileReference; lastKnownFileType = sourcecode.swift; path = LeagueViewModel.swift; sourceTree = "<group>"; };
		EE2728BA2A1D3A83002F89B8 /* FootballLeagues.swift */ = {isa = PBXFileReference; lastKnownFileType = sourcecode.swift; path = FootballLeagues.swift; sourceTree = "<group>"; };
		EE27C15E2A1A7962006CF044 /* Sporty.app */ = {isa = PBXFileReference; explicitFileType = wrapper.application; includeInIndex = 0; path = Sporty.app; sourceTree = BUILT_PRODUCTS_DIR; };
		EE27C1612A1A7962006CF044 /* AppDelegate.swift */ = {isa = PBXFileReference; lastKnownFileType = sourcecode.swift; path = AppDelegate.swift; sourceTree = "<group>"; };
		EE27C1632A1A7962006CF044 /* SceneDelegate.swift */ = {isa = PBXFileReference; lastKnownFileType = sourcecode.swift; path = SceneDelegate.swift; sourceTree = "<group>"; };
		EE27C1652A1A7962006CF044 /* HomeViewController.swift */ = {isa = PBXFileReference; lastKnownFileType = sourcecode.swift; path = HomeViewController.swift; sourceTree = "<group>"; };
		EE27C1682A1A7962006CF044 /* Base */ = {isa = PBXFileReference; lastKnownFileType = file.storyboard; name = Base; path = Base.lproj/Main.storyboard; sourceTree = "<group>"; };
		EE27C16B2A1A7962006CF044 /* Sporty.xcdatamodel */ = {isa = PBXFileReference; lastKnownFileType = wrapper.xcdatamodel; path = Sporty.xcdatamodel; sourceTree = "<group>"; };
		EE27C16D2A1A7963006CF044 /* Assets.xcassets */ = {isa = PBXFileReference; lastKnownFileType = folder.assetcatalog; path = Assets.xcassets; sourceTree = "<group>"; };
		EE27C1702A1A7963006CF044 /* Base */ = {isa = PBXFileReference; lastKnownFileType = file.storyboard; name = Base; path = Base.lproj/LaunchScreen.storyboard; sourceTree = "<group>"; };
		EE27C1722A1A7963006CF044 /* Info.plist */ = {isa = PBXFileReference; lastKnownFileType = text.plist.xml; path = Info.plist; sourceTree = "<group>"; };
		EE27C1772A1A7963006CF044 /* SportyTests.xctest */ = {isa = PBXFileReference; explicitFileType = wrapper.cfbundle; includeInIndex = 0; path = SportyTests.xctest; sourceTree = BUILT_PRODUCTS_DIR; };
		EE27C17B2A1A7963006CF044 /* SportyTests.swift */ = {isa = PBXFileReference; lastKnownFileType = sourcecode.swift; path = SportyTests.swift; sourceTree = "<group>"; };
		EE27C1812A1A7963006CF044 /* SportyUITests.xctest */ = {isa = PBXFileReference; explicitFileType = wrapper.cfbundle; includeInIndex = 0; path = SportyUITests.xctest; sourceTree = BUILT_PRODUCTS_DIR; };
		EE27C1852A1A7963006CF044 /* SportyUITests.swift */ = {isa = PBXFileReference; lastKnownFileType = sourcecode.swift; path = SportyUITests.swift; sourceTree = "<group>"; };
		EE27C1872A1A7963006CF044 /* SportyUITestsLaunchTests.swift */ = {isa = PBXFileReference; lastKnownFileType = sourcecode.swift; path = SportyUITestsLaunchTests.swift; sourceTree = "<group>"; };
		EE30C4E32A20D0FF00F35C09 /* FootballEvent.swift */ = {isa = PBXFileReference; lastKnownFileType = sourcecode.swift; path = FootballEvent.swift; sourceTree = "<group>"; };
		EE30C4E52A20D11100F35C09 /* BasketballEvent.swift */ = {isa = PBXFileReference; lastKnownFileType = sourcecode.swift; path = BasketballEvent.swift; sourceTree = "<group>"; };
		EE30C4E72A20D12100F35C09 /* CricketEvent.swift */ = {isa = PBXFileReference; lastKnownFileType = sourcecode.swift; path = CricketEvent.swift; sourceTree = "<group>"; };
		EE30C4E92A20D13000F35C09 /* TennisEvent.swift */ = {isa = PBXFileReference; lastKnownFileType = sourcecode.swift; path = TennisEvent.swift; sourceTree = "<group>"; };
		EE30C4EB2A20D7DB00F35C09 /* Event.swift */ = {isa = PBXFileReference; lastKnownFileType = sourcecode.swift; path = Event.swift; sourceTree = "<group>"; };
		EE30C4ED2A20E5D500F35C09 /* Helpers.swift */ = {isa = PBXFileReference; lastKnownFileType = sourcecode.swift; path = Helpers.swift; sourceTree = "<group>"; };
		EE313B042A212DA700251FBC /* LeagueDetailsViewCell.swift */ = {isa = PBXFileReference; lastKnownFileType = sourcecode.swift; path = LeagueDetailsViewCell.swift; sourceTree = "<group>"; };
		EE313B052A212DA700251FBC /* LeagueDetailsViewCell.xib */ = {isa = PBXFileReference; lastKnownFileType = file.xib; path = LeagueDetailsViewCell.xib; sourceTree = "<group>"; };
		EE313B0D2A2187F900251FBC /* TeamDetailsViewController.swift */ = {isa = PBXFileReference; lastKnownFileType = sourcecode.swift; path = TeamDetailsViewController.swift; sourceTree = "<group>"; };
		EE313B0F2A21883C00251FBC /* TeamDetailsViewCell.swift */ = {isa = PBXFileReference; lastKnownFileType = sourcecode.swift; path = TeamDetailsViewCell.swift; sourceTree = "<group>"; };
		EE3188262A253D4900FD72E3 /* LeagueTableViewCell.xib */ = {isa = PBXFileReference; fileEncoding = 4; lastKnownFileType = file.xib; path = LeagueTableViewCell.xib; sourceTree = "<group>"; };
		EE35D3942A238E97002DB0A1 /* LeagueDetailsViewModel.swift */ = {isa = PBXFileReference; lastKnownFileType = sourcecode.swift; path = LeagueDetailsViewModel.swift; sourceTree = "<group>"; };
		EE5C40082A1A9E52008EA0F6 /* SportsCollectionViewCell.swift */ = {isa = PBXFileReference; lastKnownFileType = sourcecode.swift; path = SportsCollectionViewCell.swift; sourceTree = "<group>"; };
		EE5C400A2A1AAA8A008EA0F6 /* basketball.png */ = {isa = PBXFileReference; lastKnownFileType = image.png; path = basketball.png; sourceTree = "<group>"; };
		EE5C400C2A1AC836008EA0F6 /* football.png */ = {isa = PBXFileReference; lastKnownFileType = image.png; path = football.png; sourceTree = "<group>"; };
		EE5C400D2A1AC836008EA0F6 /* tennis.png */ = {isa = PBXFileReference; lastKnownFileType = image.png; path = tennis.png; sourceTree = "<group>"; };
		EE5C400E2A1AC836008EA0F6 /* cricket.png */ = {isa = PBXFileReference; lastKnownFileType = image.png; path = cricket.png; sourceTree = "<group>"; };
		EE6297B22A29372E00382658 /* MockApiService.swift */ = {isa = PBXFileReference; lastKnownFileType = sourcecode.swift; path = MockApiService.swift; sourceTree = "<group>"; };
		EE67AF832A1BB04500B198CE /* FavouritesTableViewController.swift */ = {isa = PBXFileReference; lastKnownFileType = sourcecode.swift; path = FavouritesTableViewController.swift; sourceTree = "<group>"; };
		EE67AF892A1BCE9D00B198CE /* LeagueTableViewCell.swift */ = {isa = PBXFileReference; lastKnownFileType = sourcecode.swift; path = LeagueTableViewCell.swift; sourceTree = "<group>"; };
		EE67AF902A1BFF9300B198CE /* ApiService.swift */ = {isa = PBXFileReference; lastKnownFileType = sourcecode.swift; path = ApiService.swift; sourceTree = "<group>"; };
		EE8960082A2266DE00D0A0D6 /* LeagueAllDetailsViewController.swift */ = {isa = PBXFileReference; lastKnownFileType = sourcecode.swift; path = LeagueAllDetailsViewController.swift; sourceTree = "<group>"; };
		EE966AC22A29528E003D8DF1 /* MockApiServiceTests.swift */ = {isa = PBXFileReference; lastKnownFileType = sourcecode.swift; path = MockApiServiceTests.swift; sourceTree = "<group>"; };
		EEB47CE82A267C1C00E7E79A /* TeamDetailsViewModel.swift */ = {isa = PBXFileReference; lastKnownFileType = sourcecode.swift; path = TeamDetailsViewModel.swift; sourceTree = "<group>"; };
		EEE4D9A52A20036E00C41B76 /* ApiResponseModel.swift */ = {isa = PBXFileReference; lastKnownFileType = sourcecode.swift; path = ApiResponseModel.swift; sourceTree = "<group>"; };
		EEE4D9A72A20045500C41B76 /* Leagues.swift */ = {isa = PBXFileReference; lastKnownFileType = sourcecode.swift; path = Leagues.swift; sourceTree = "<group>"; };
		EEE4D9AA2A20096E00C41B76 /* BasketballLeagues.swift */ = {isa = PBXFileReference; lastKnownFileType = sourcecode.swift; path = BasketballLeagues.swift; sourceTree = "<group>"; };
		EEE4D9AC2A20099A00C41B76 /* CricketLeagues.swift */ = {isa = PBXFileReference; lastKnownFileType = sourcecode.swift; path = CricketLeagues.swift; sourceTree = "<group>"; };
		EEE4D9AE2A2009AD00C41B76 /* TennisLeagues.swift */ = {isa = PBXFileReference; lastKnownFileType = sourcecode.swift; path = TennisLeagues.swift; sourceTree = "<group>"; };
		EEFDC5472A2570200078AF30 /* TeamViewCell.swift */ = {isa = PBXFileReference; lastKnownFileType = sourcecode.swift; path = TeamViewCell.swift; sourceTree = "<group>"; };
		EEFDC5482A2570200078AF30 /* TeamViewCell.xib */ = {isa = PBXFileReference; lastKnownFileType = file.xib; path = TeamViewCell.xib; sourceTree = "<group>"; };
/* End PBXFileReference section */

/* Begin PBXFrameworksBuildPhase section */
		EE27C15B2A1A7962006CF044 /* Frameworks */ = {
			isa = PBXFrameworksBuildPhase;
			buildActionMask = 2147483647;
			files = (
				9E6BA988CB2146CA75879CF9 /* Pods_Sporty.framework in Frameworks */,
			);
			runOnlyForDeploymentPostprocessing = 0;
		};
		EE27C1742A1A7963006CF044 /* Frameworks */ = {
			isa = PBXFrameworksBuildPhase;
			buildActionMask = 2147483647;
			files = (
				100ABEB6BC301C9D1A5C3C28 /* Pods_SportyTests.framework in Frameworks */,
			);
			runOnlyForDeploymentPostprocessing = 0;
		};
		EE27C17E2A1A7963006CF044 /* Frameworks */ = {
			isa = PBXFrameworksBuildPhase;
			buildActionMask = 2147483647;
			files = (
				F26A0C272E0AC6C143906950 /* Pods_Sporty_SportyUITests.framework in Frameworks */,
			);
			runOnlyForDeploymentPostprocessing = 0;
		};
/* End PBXFrameworksBuildPhase section */

/* Begin PBXGroup section */
		66077162162E88360F57C853 /* Pods */ = {
			isa = PBXGroup;
			children = (
				28A1172CB9D0FCBBFA2CF431 /* Pods-Sporty.debug.xcconfig */,
				E168B33C83275F4DAC29E79C /* Pods-Sporty.release.xcconfig */,
				1BF6977D649EE2D75C7AFE93 /* Pods-Sporty-SportyUITests.debug.xcconfig */,
				E5B49307847B9972D742C8F6 /* Pods-Sporty-SportyUITests.release.xcconfig */,
				964FF7D4A6C6B096F1015296 /* Pods-SportyTests.debug.xcconfig */,
				CDA78C078BF7B0D6994ECDF3 /* Pods-SportyTests.release.xcconfig */,
			);
			path = Pods;
			sourceTree = "<group>";
		};
		7032C182EB1E7F1DE5FC29EB /* Frameworks */ = {
			isa = PBXGroup;
			children = (
				20D8F31298EC99EA8B69357C /* Pods_Sporty.framework */,
				9318653AF533730F19F4B3D9 /* Pods_Sporty_SportyUITests.framework */,
				7B7E0799B68045F22B05536E /* Pods_SportyTests.framework */,
			);
			name = Frameworks;
			sourceTree = "<group>";
		};
		EE0B0B2A2A211D460089F0EA /* Teams */ = {
			isa = PBXGroup;
			children = (
				EE0B0B2B2A211D600089F0EA /* Team.swift */,
				EE0B0B2D2A211DD60089F0EA /* FootballTeam.swift */,
				EE0B0B2F2A211EDC0089F0EA /* BasketballTeam.swift */,
				EE0B0B312A211EF80089F0EA /* CricketTeam.swift */,
			);
			path = Teams;
			sourceTree = "<group>";
		};
		EE0B0B352A212A6F0089F0EA /* LeagueDetails */ = {
			isa = PBXGroup;
			children = (
				EE313B042A212DA700251FBC /* LeagueDetailsViewCell.swift */,
				EE313B052A212DA700251FBC /* LeagueDetailsViewCell.xib */,
				EE8960082A2266DE00D0A0D6 /* LeagueAllDetailsViewController.swift */,
				EE35D3942A238E97002DB0A1 /* LeagueDetailsViewModel.swift */,
				EEFDC5472A2570200078AF30 /* TeamViewCell.swift */,
				EEFDC5482A2570200078AF30 /* TeamViewCell.xib */,
			);
			name = LeagueDetails;
			sourceTree = "<group>";
		};
		EE2728B52A1CD89F002F89B8 /* Leagues */ = {
			isa = PBXGroup;
			children = (
				EE2728B62A1CD8E7002F89B8 /* LeagueViewController.swift */,
				EE2728B82A1CEB26002F89B8 /* LeagueViewModel.swift */,
			);
			name = Leagues;
			sourceTree = "<group>";
		};
		EE27C1552A1A7961006CF044 = {
			isa = PBXGroup;
			children = (
				EE27C1602A1A7962006CF044 /* Sporty */,
				EE27C17A2A1A7963006CF044 /* SportyTests */,
				EE27C1842A1A7963006CF044 /* SportyUITests */,
				EE27C15F2A1A7962006CF044 /* Products */,
				66077162162E88360F57C853 /* Pods */,
				7032C182EB1E7F1DE5FC29EB /* Frameworks */,
			);
			sourceTree = "<group>";
		};
		EE27C15F2A1A7962006CF044 /* Products */ = {
			isa = PBXGroup;
			children = (
				EE27C15E2A1A7962006CF044 /* Sporty.app */,
				EE27C1772A1A7963006CF044 /* SportyTests.xctest */,
				EE27C1812A1A7963006CF044 /* SportyUITests.xctest */,
			);
			name = Products;
			sourceTree = "<group>";
		};
		EE27C1602A1A7962006CF044 /* Sporty */ = {
			isa = PBXGroup;
			children = (
				EE27C1972A1A84C1006CF044 /* Services */,
				EE27C1962A1A84A2006CF044 /* Modules */,
				EE27C1952A1A849E006CF044 /* Model */,
				EE27C1942A1A849B006CF044 /* View */,
				EE27C1612A1A7962006CF044 /* AppDelegate.swift */,
				EE27C1632A1A7962006CF044 /* SceneDelegate.swift */,
				EE27C16D2A1A7963006CF044 /* Assets.xcassets */,
				EE5C400E2A1AC836008EA0F6 /* cricket.png */,
				EE5C400C2A1AC836008EA0F6 /* football.png */,
				EE5C400D2A1AC836008EA0F6 /* tennis.png */,
				EE5C400A2A1AAA8A008EA0F6 /* basketball.png */,
				EE27C16F2A1A7963006CF044 /* LaunchScreen.storyboard */,
				EE27C1722A1A7963006CF044 /* Info.plist */,
				EE27C16A2A1A7962006CF044 /* Sporty.xcdatamodeld */,
				EE30C4ED2A20E5D500F35C09 /* Helpers.swift */,
			);
			path = Sporty;
			sourceTree = "<group>";
		};
		EE27C17A2A1A7963006CF044 /* SportyTests */ = {
			isa = PBXGroup;
			children = (
				EE27C17B2A1A7963006CF044 /* SportyTests.swift */,
				EE08055B2A29108F00C59E94 /* ApiServiceTests.swift */,
				EE6297B22A29372E00382658 /* MockApiService.swift */,
				EE966AC22A29528E003D8DF1 /* MockApiServiceTests.swift */,
			);
			path = SportyTests;
			sourceTree = "<group>";
		};
		EE27C1842A1A7963006CF044 /* SportyUITests */ = {
			isa = PBXGroup;
			children = (
				EE27C1852A1A7963006CF044 /* SportyUITests.swift */,
				EE27C1872A1A7963006CF044 /* SportyUITestsLaunchTests.swift */,
			);
			path = SportyUITests;
			sourceTree = "<group>";
		};
		EE27C1942A1A849B006CF044 /* View */ = {
			isa = PBXGroup;
			children = (
				EE3188262A253D4900FD72E3 /* LeagueTableViewCell.xib */,
				EE67AF892A1BCE9D00B198CE /* LeagueTableViewCell.swift */,
				EE27C1672A1A7962006CF044 /* Main.storyboard */,
			);
			path = View;
			sourceTree = "<group>";
		};
		EE27C1952A1A849E006CF044 /* Model */ = {
			isa = PBXGroup;
			children = (
				EE0B0B2A2A211D460089F0EA /* Teams */,
				EE30C4E22A20D0DF00F35C09 /* Events */,
				EEE4D9A92A2008C300C41B76 /* League */,
				EEE4D9A52A20036E00C41B76 /* ApiResponseModel.swift */,
			);
			path = Model;
			sourceTree = "<group>";
		};
		EE27C1962A1A84A2006CF044 /* Modules */ = {
			isa = PBXGroup;
			children = (
				EE313B0C2A2187A900251FBC /* Team */,
				EE0B0B352A212A6F0089F0EA /* LeagueDetails */,
				EE2728B52A1CD89F002F89B8 /* Leagues */,
				EE67AF812A1BAFF400B198CE /* Favourites */,
				EE5C40062A1A8A3E008EA0F6 /* Home */,
			);
			name = Modules;
			sourceTree = "<group>";
		};
		EE27C1972A1A84C1006CF044 /* Services */ = {
			isa = PBXGroup;
			children = (
				EE67AF8F2A1BFF5900B198CE /* Network */,
			);
			path = Services;
			sourceTree = "<group>";
		};
		EE30C4E22A20D0DF00F35C09 /* Events */ = {
			isa = PBXGroup;
			children = (
				EE30C4E32A20D0FF00F35C09 /* FootballEvent.swift */,
				EE30C4E52A20D11100F35C09 /* BasketballEvent.swift */,
				EE30C4E72A20D12100F35C09 /* CricketEvent.swift */,
				EE30C4E92A20D13000F35C09 /* TennisEvent.swift */,
				EE30C4EB2A20D7DB00F35C09 /* Event.swift */,
			);
			path = Events;
			sourceTree = "<group>";
		};
		EE313B0C2A2187A900251FBC /* Team */ = {
			isa = PBXGroup;
			children = (
				EE313B0D2A2187F900251FBC /* TeamDetailsViewController.swift */,
				EE313B0F2A21883C00251FBC /* TeamDetailsViewCell.swift */,
				EEB47CE82A267C1C00E7E79A /* TeamDetailsViewModel.swift */,
			);
			name = Team;
			sourceTree = "<group>";
		};
		EE5C40062A1A8A3E008EA0F6 /* Home */ = {
			isa = PBXGroup;
			children = (
				EE5C40072A1A8A50008EA0F6 /* View */,
			);
			name = Home;
			sourceTree = "<group>";
		};
		EE5C40072A1A8A50008EA0F6 /* View */ = {
			isa = PBXGroup;
			children = (
				EE27C1652A1A7962006CF044 /* HomeViewController.swift */,
				EE5C40082A1A9E52008EA0F6 /* SportsCollectionViewCell.swift */,
			);
			name = View;
			sourceTree = "<group>";
		};
		EE67AF812A1BAFF400B198CE /* Favourites */ = {
			isa = PBXGroup;
			children = (
				EE67AF822A1BB00800B198CE /* View */,
			);
			name = Favourites;
			sourceTree = "<group>";
		};
		EE67AF822A1BB00800B198CE /* View */ = {
			isa = PBXGroup;
			children = (
				EE67AF832A1BB04500B198CE /* FavouritesTableViewController.swift */,
				EE0E943A2A27C92A00FE4F46 /* FavouriteViewModel.swift */,
			);
			name = View;
			sourceTree = "<group>";
		};
		EE67AF8F2A1BFF5900B198CE /* Network */ = {
			isa = PBXGroup;
			children = (
				EE67AF902A1BFF9300B198CE /* ApiService.swift */,
			);
			path = Network;
			sourceTree = "<group>";
		};
		EEE4D9A92A2008C300C41B76 /* League */ = {
			isa = PBXGroup;
			children = (
				EEE4D9A72A20045500C41B76 /* Leagues.swift */,
				EE2728BA2A1D3A83002F89B8 /* FootballLeagues.swift */,
				EEE4D9AA2A20096E00C41B76 /* BasketballLeagues.swift */,
				EEE4D9AC2A20099A00C41B76 /* CricketLeagues.swift */,
				EEE4D9AE2A2009AD00C41B76 /* TennisLeagues.swift */,
			);
			path = League;
			sourceTree = "<group>";
		};
/* End PBXGroup section */

/* Begin PBXNativeTarget section */
		EE27C15D2A1A7962006CF044 /* Sporty */ = {
			isa = PBXNativeTarget;
			buildConfigurationList = EE27C18B2A1A7963006CF044 /* Build configuration list for PBXNativeTarget "Sporty" */;
			buildPhases = (
				2E0B9AB58D9E45A853F67A66 /* [CP] Check Pods Manifest.lock */,
				EE27C15A2A1A7962006CF044 /* Sources */,
				EE27C15B2A1A7962006CF044 /* Frameworks */,
				EE27C15C2A1A7962006CF044 /* Resources */,
				5680BB15E07D7D16CEF1A31D /* [CP] Embed Pods Frameworks */,
			);
			buildRules = (
			);
			dependencies = (
			);
			name = Sporty;
			productName = Sporty;
			productReference = EE27C15E2A1A7962006CF044 /* Sporty.app */;
			productType = "com.apple.product-type.application";
		};
		EE27C1762A1A7963006CF044 /* SportyTests */ = {
			isa = PBXNativeTarget;
			buildConfigurationList = EE27C18E2A1A7963006CF044 /* Build configuration list for PBXNativeTarget "SportyTests" */;
			buildPhases = (
				523AB54DFCD5CAB009BD8A68 /* [CP] Check Pods Manifest.lock */,
				EE27C1732A1A7963006CF044 /* Sources */,
				EE27C1742A1A7963006CF044 /* Frameworks */,
				EE27C1752A1A7963006CF044 /* Resources */,
			);
			buildRules = (
			);
			dependencies = (
				EE27C1792A1A7963006CF044 /* PBXTargetDependency */,
			);
			name = SportyTests;
			productName = SportyTests;
			productReference = EE27C1772A1A7963006CF044 /* SportyTests.xctest */;
			productType = "com.apple.product-type.bundle.unit-test";
		};
		EE27C1802A1A7963006CF044 /* SportyUITests */ = {
			isa = PBXNativeTarget;
			buildConfigurationList = EE27C1912A1A7963006CF044 /* Build configuration list for PBXNativeTarget "SportyUITests" */;
			buildPhases = (
				6D29CC93D5162C0E1CAF5BD5 /* [CP] Check Pods Manifest.lock */,
				EE27C17D2A1A7963006CF044 /* Sources */,
				EE27C17E2A1A7963006CF044 /* Frameworks */,
				EE27C17F2A1A7963006CF044 /* Resources */,
				A91B8094099221029F90A895 /* [CP] Embed Pods Frameworks */,
			);
			buildRules = (
			);
			dependencies = (
				EE27C1832A1A7963006CF044 /* PBXTargetDependency */,
			);
			name = SportyUITests;
			productName = SportyUITests;
			productReference = EE27C1812A1A7963006CF044 /* SportyUITests.xctest */;
			productType = "com.apple.product-type.bundle.ui-testing";
		};
/* End PBXNativeTarget section */

/* Begin PBXProject section */
		EE27C1562A1A7961006CF044 /* Project object */ = {
			isa = PBXProject;
			attributes = {
				BuildIndependentTargetsInParallel = 1;
				LastSwiftUpdateCheck = 1420;
				LastUpgradeCheck = 1420;
				TargetAttributes = {
					EE27C15D2A1A7962006CF044 = {
						CreatedOnToolsVersion = 14.2;
					};
					EE27C1762A1A7963006CF044 = {
						CreatedOnToolsVersion = 14.2;
						TestTargetID = EE27C15D2A1A7962006CF044;
					};
					EE27C1802A1A7963006CF044 = {
						CreatedOnToolsVersion = 14.2;
						TestTargetID = EE27C15D2A1A7962006CF044;
					};
				};
			};
			buildConfigurationList = EE27C1592A1A7961006CF044 /* Build configuration list for PBXProject "Sporty" */;
			compatibilityVersion = "Xcode 14.0";
			developmentRegion = en;
			hasScannedForEncodings = 0;
			knownRegions = (
				en,
				Base,
			);
			mainGroup = EE27C1552A1A7961006CF044;
			productRefGroup = EE27C15F2A1A7962006CF044 /* Products */;
			projectDirPath = "";
			projectRoot = "";
			targets = (
				EE27C15D2A1A7962006CF044 /* Sporty */,
				EE27C1762A1A7963006CF044 /* SportyTests */,
				EE27C1802A1A7963006CF044 /* SportyUITests */,
			);
		};
/* End PBXProject section */

/* Begin PBXResourcesBuildPhase section */
		EE27C15C2A1A7962006CF044 /* Resources */ = {
			isa = PBXResourcesBuildPhase;
			buildActionMask = 2147483647;
			files = (
				EE5C400F2A1AC836008EA0F6 /* football.png in Resources */,
				EE313B072A212DA700251FBC /* LeagueDetailsViewCell.xib in Resources */,
				EE5C40112A1AC836008EA0F6 /* cricket.png in Resources */,
				EE27C1712A1A7963006CF044 /* LaunchScreen.storyboard in Resources */,
				EE27C16E2A1A7963006CF044 /* Assets.xcassets in Resources */,
				EEFDC54A2A2570200078AF30 /* TeamViewCell.xib in Resources */,
				EE5C400B2A1AAA8A008EA0F6 /* basketball.png in Resources */,
				EE5C40102A1AC836008EA0F6 /* tennis.png in Resources */,
				EE27C1692A1A7962006CF044 /* Main.storyboard in Resources */,
				EE3188272A253D4900FD72E3 /* LeagueTableViewCell.xib in Resources */,
			);
			runOnlyForDeploymentPostprocessing = 0;
		};
		EE27C1752A1A7963006CF044 /* Resources */ = {
			isa = PBXResourcesBuildPhase;
			buildActionMask = 2147483647;
			files = (
			);
			runOnlyForDeploymentPostprocessing = 0;
		};
		EE27C17F2A1A7963006CF044 /* Resources */ = {
			isa = PBXResourcesBuildPhase;
			buildActionMask = 2147483647;
			files = (
			);
			runOnlyForDeploymentPostprocessing = 0;
		};
/* End PBXResourcesBuildPhase section */

/* Begin PBXShellScriptBuildPhase section */
		2E0B9AB58D9E45A853F67A66 /* [CP] Check Pods Manifest.lock */ = {
			isa = PBXShellScriptBuildPhase;
			buildActionMask = 2147483647;
			files = (
			);
			inputFileListPaths = (
			);
			inputPaths = (
				"${PODS_PODFILE_DIR_PATH}/Podfile.lock",
				"${PODS_ROOT}/Manifest.lock",
			);
			name = "[CP] Check Pods Manifest.lock";
			outputFileListPaths = (
			);
			outputPaths = (
				"$(DERIVED_FILE_DIR)/Pods-Sporty-checkManifestLockResult.txt",
			);
			runOnlyForDeploymentPostprocessing = 0;
			shellPath = /bin/sh;
			shellScript = "diff \"${PODS_PODFILE_DIR_PATH}/Podfile.lock\" \"${PODS_ROOT}/Manifest.lock\" > /dev/null\nif [ $? != 0 ] ; then\n    # print error to STDERR\n    echo \"error: The sandbox is not in sync with the Podfile.lock. Run 'pod install' or update your CocoaPods installation.\" >&2\n    exit 1\nfi\n# This output is used by Xcode 'outputs' to avoid re-running this script phase.\necho \"SUCCESS\" > \"${SCRIPT_OUTPUT_FILE_0}\"\n";
			showEnvVarsInLog = 0;
		};
		523AB54DFCD5CAB009BD8A68 /* [CP] Check Pods Manifest.lock */ = {
			isa = PBXShellScriptBuildPhase;
			buildActionMask = 2147483647;
			files = (
			);
			inputFileListPaths = (
			);
			inputPaths = (
				"${PODS_PODFILE_DIR_PATH}/Podfile.lock",
				"${PODS_ROOT}/Manifest.lock",
			);
			name = "[CP] Check Pods Manifest.lock";
			outputFileListPaths = (
			);
			outputPaths = (
				"$(DERIVED_FILE_DIR)/Pods-SportyTests-checkManifestLockResult.txt",
			);
			runOnlyForDeploymentPostprocessing = 0;
			shellPath = /bin/sh;
			shellScript = "diff \"${PODS_PODFILE_DIR_PATH}/Podfile.lock\" \"${PODS_ROOT}/Manifest.lock\" > /dev/null\nif [ $? != 0 ] ; then\n    # print error to STDERR\n    echo \"error: The sandbox is not in sync with the Podfile.lock. Run 'pod install' or update your CocoaPods installation.\" >&2\n    exit 1\nfi\n# This output is used by Xcode 'outputs' to avoid re-running this script phase.\necho \"SUCCESS\" > \"${SCRIPT_OUTPUT_FILE_0}\"\n";
			showEnvVarsInLog = 0;
		};
		5680BB15E07D7D16CEF1A31D /* [CP] Embed Pods Frameworks */ = {
			isa = PBXShellScriptBuildPhase;
			buildActionMask = 2147483647;
			files = (
			);
			inputFileListPaths = (
				"${PODS_ROOT}/Target Support Files/Pods-Sporty/Pods-Sporty-frameworks-${CONFIGURATION}-input-files.xcfilelist",
			);
			name = "[CP] Embed Pods Frameworks";
			outputFileListPaths = (
				"${PODS_ROOT}/Target Support Files/Pods-Sporty/Pods-Sporty-frameworks-${CONFIGURATION}-output-files.xcfilelist",
			);
			runOnlyForDeploymentPostprocessing = 0;
			shellPath = /bin/sh;
			shellScript = "\"${PODS_ROOT}/Target Support Files/Pods-Sporty/Pods-Sporty-frameworks.sh\"\n";
			showEnvVarsInLog = 0;
		};
		6D29CC93D5162C0E1CAF5BD5 /* [CP] Check Pods Manifest.lock */ = {
			isa = PBXShellScriptBuildPhase;
			buildActionMask = 2147483647;
			files = (
			);
			inputFileListPaths = (
			);
			inputPaths = (
				"${PODS_PODFILE_DIR_PATH}/Podfile.lock",
				"${PODS_ROOT}/Manifest.lock",
			);
			name = "[CP] Check Pods Manifest.lock";
			outputFileListPaths = (
			);
			outputPaths = (
				"$(DERIVED_FILE_DIR)/Pods-Sporty-SportyUITests-checkManifestLockResult.txt",
			);
			runOnlyForDeploymentPostprocessing = 0;
			shellPath = /bin/sh;
			shellScript = "diff \"${PODS_PODFILE_DIR_PATH}/Podfile.lock\" \"${PODS_ROOT}/Manifest.lock\" > /dev/null\nif [ $? != 0 ] ; then\n    # print error to STDERR\n    echo \"error: The sandbox is not in sync with the Podfile.lock. Run 'pod install' or update your CocoaPods installation.\" >&2\n    exit 1\nfi\n# This output is used by Xcode 'outputs' to avoid re-running this script phase.\necho \"SUCCESS\" > \"${SCRIPT_OUTPUT_FILE_0}\"\n";
			showEnvVarsInLog = 0;
		};
		A91B8094099221029F90A895 /* [CP] Embed Pods Frameworks */ = {
			isa = PBXShellScriptBuildPhase;
			buildActionMask = 2147483647;
			files = (
			);
			inputFileListPaths = (
				"${PODS_ROOT}/Target Support Files/Pods-Sporty-SportyUITests/Pods-Sporty-SportyUITests-frameworks-${CONFIGURATION}-input-files.xcfilelist",
			);
			name = "[CP] Embed Pods Frameworks";
			outputFileListPaths = (
				"${PODS_ROOT}/Target Support Files/Pods-Sporty-SportyUITests/Pods-Sporty-SportyUITests-frameworks-${CONFIGURATION}-output-files.xcfilelist",
			);
			runOnlyForDeploymentPostprocessing = 0;
			shellPath = /bin/sh;
			shellScript = "\"${PODS_ROOT}/Target Support Files/Pods-Sporty-SportyUITests/Pods-Sporty-SportyUITests-frameworks.sh\"\n";
			showEnvVarsInLog = 0;
		};
/* End PBXShellScriptBuildPhase section */

/* Begin PBXSourcesBuildPhase section */
		EE27C15A2A1A7962006CF044 /* Sources */ = {
			isa = PBXSourcesBuildPhase;
			buildActionMask = 2147483647;
			files = (
				EE8960092A2266DE00D0A0D6 /* LeagueAllDetailsViewController.swift in Sources */,
				EE2728BB2A1D3A83002F89B8 /* FootballLeagues.swift in Sources */,
				EE5C40092A1A9E52008EA0F6 /* SportsCollectionViewCell.swift in Sources */,
				EEB47CE92A267C1C00E7E79A /* TeamDetailsViewModel.swift in Sources */,
				EE27C16C2A1A7962006CF044 /* Sporty.xcdatamodeld in Sources */,
				EE0B0B302A211EDC0089F0EA /* BasketballTeam.swift in Sources */,
				EEE4D9AF2A2009AD00C41B76 /* TennisLeagues.swift in Sources */,
				EE30C4EE2A20E5D500F35C09 /* Helpers.swift in Sources */,
				EE313B0E2A2187F900251FBC /* TeamDetailsViewController.swift in Sources */,
				EE30C4E82A20D12100F35C09 /* CricketEvent.swift in Sources */,
				EE27C1662A1A7962006CF044 /* HomeViewController.swift in Sources */,
				EE0B0B322A211EF80089F0EA /* CricketTeam.swift in Sources */,
				EE67AF8B2A1BCE9D00B198CE /* LeagueTableViewCell.swift in Sources */,
				EEE4D9AB2A20096E00C41B76 /* BasketballLeagues.swift in Sources */,
				EE0B0B2E2A211DD60089F0EA /* FootballTeam.swift in Sources */,
				EE313B112A21883C00251FBC /* TeamDetailsViewCell.swift in Sources */,
				EE27C1622A1A7962006CF044 /* AppDelegate.swift in Sources */,
				EE67AF912A1BFF9300B198CE /* ApiService.swift in Sources */,
				EE2728B72A1CD8E7002F89B8 /* LeagueViewController.swift in Sources */,
				EE0B0B2C2A211D600089F0EA /* Team.swift in Sources */,
				EE30C4EC2A20D7DB00F35C09 /* Event.swift in Sources */,
				EEE4D9A62A20036E00C41B76 /* ApiResponseModel.swift in Sources */,
				EEE4D9A82A20045500C41B76 /* Leagues.swift in Sources */,
				EE30C4E62A20D11100F35C09 /* BasketballEvent.swift in Sources */,
				EE27C1642A1A7962006CF044 /* SceneDelegate.swift in Sources */,
				EE313B062A212DA700251FBC /* LeagueDetailsViewCell.swift in Sources */,
				EE67AF842A1BB04500B198CE /* FavouritesTableViewController.swift in Sources */,
				EEE4D9AD2A20099A00C41B76 /* CricketLeagues.swift in Sources */,
				EE35D3952A238E97002DB0A1 /* LeagueDetailsViewModel.swift in Sources */,
				EE30C4E42A20D0FF00F35C09 /* FootballEvent.swift in Sources */,
				EE0E943B2A27C92A00FE4F46 /* FavouriteViewModel.swift in Sources */,
				EEFDC5492A2570200078AF30 /* TeamViewCell.swift in Sources */,
				EE2728B92A1CEB26002F89B8 /* LeagueViewModel.swift in Sources */,
				EE30C4EA2A20D13000F35C09 /* TennisEvent.swift in Sources */,
			);
			runOnlyForDeploymentPostprocessing = 0;
		};
		EE27C1732A1A7963006CF044 /* Sources */ = {
			isa = PBXSourcesBuildPhase;
			buildActionMask = 2147483647;
			files = (
				EE966AC32A29528E003D8DF1 /* MockApiServiceTests.swift in Sources */,
				EE6297B32A29372E00382658 /* MockApiService.swift in Sources */,
				EE08055C2A29108F00C59E94 /* ApiServiceTests.swift in Sources */,
				EE27C17C2A1A7963006CF044 /* SportyTests.swift in Sources */,
			);
			runOnlyForDeploymentPostprocessing = 0;
		};
		EE27C17D2A1A7963006CF044 /* Sources */ = {
			isa = PBXSourcesBuildPhase;
			buildActionMask = 2147483647;
			files = (
				EE27C1862A1A7963006CF044 /* SportyUITests.swift in Sources */,
				EE27C1882A1A7963006CF044 /* SportyUITestsLaunchTests.swift in Sources */,
			);
			runOnlyForDeploymentPostprocessing = 0;
		};
/* End PBXSourcesBuildPhase section */

/* Begin PBXTargetDependency section */
		EE27C1792A1A7963006CF044 /* PBXTargetDependency */ = {
			isa = PBXTargetDependency;
			target = EE27C15D2A1A7962006CF044 /* Sporty */;
			targetProxy = EE27C1782A1A7963006CF044 /* PBXContainerItemProxy */;
		};
		EE27C1832A1A7963006CF044 /* PBXTargetDependency */ = {
			isa = PBXTargetDependency;
			target = EE27C15D2A1A7962006CF044 /* Sporty */;
			targetProxy = EE27C1822A1A7963006CF044 /* PBXContainerItemProxy */;
		};
/* End PBXTargetDependency section */

/* Begin PBXVariantGroup section */
		EE27C1672A1A7962006CF044 /* Main.storyboard */ = {
			isa = PBXVariantGroup;
			children = (
				EE27C1682A1A7962006CF044 /* Base */,
			);
			name = Main.storyboard;
			sourceTree = "<group>";
		};
		EE27C16F2A1A7963006CF044 /* LaunchScreen.storyboard */ = {
			isa = PBXVariantGroup;
			children = (
				EE27C1702A1A7963006CF044 /* Base */,
			);
			name = LaunchScreen.storyboard;
			sourceTree = "<group>";
		};
/* End PBXVariantGroup section */

/* Begin XCBuildConfiguration section */
		EE27C1892A1A7963006CF044 /* Debug */ = {
			isa = XCBuildConfiguration;
			buildSettings = {
				ALWAYS_SEARCH_USER_PATHS = NO;
				CLANG_ANALYZER_NONNULL = YES;
				CLANG_ANALYZER_NUMBER_OBJECT_CONVERSION = YES_AGGRESSIVE;
				CLANG_CXX_LANGUAGE_STANDARD = "gnu++20";
				CLANG_ENABLE_MODULES = YES;
				CLANG_ENABLE_OBJC_ARC = YES;
				CLANG_ENABLE_OBJC_WEAK = YES;
				CLANG_WARN_BLOCK_CAPTURE_AUTORELEASING = YES;
				CLANG_WARN_BOOL_CONVERSION = YES;
				CLANG_WARN_COMMA = YES;
				CLANG_WARN_CONSTANT_CONVERSION = YES;
				CLANG_WARN_DEPRECATED_OBJC_IMPLEMENTATIONS = YES;
				CLANG_WARN_DIRECT_OBJC_ISA_USAGE = YES_ERROR;
				CLANG_WARN_DOCUMENTATION_COMMENTS = YES;
				CLANG_WARN_EMPTY_BODY = YES;
				CLANG_WARN_ENUM_CONVERSION = YES;
				CLANG_WARN_INFINITE_RECURSION = YES;
				CLANG_WARN_INT_CONVERSION = YES;
				CLANG_WARN_NON_LITERAL_NULL_CONVERSION = YES;
				CLANG_WARN_OBJC_IMPLICIT_RETAIN_SELF = YES;
				CLANG_WARN_OBJC_LITERAL_CONVERSION = YES;
				CLANG_WARN_OBJC_ROOT_CLASS = YES_ERROR;
				CLANG_WARN_QUOTED_INCLUDE_IN_FRAMEWORK_HEADER = YES;
				CLANG_WARN_RANGE_LOOP_ANALYSIS = YES;
				CLANG_WARN_STRICT_PROTOTYPES = YES;
				CLANG_WARN_SUSPICIOUS_MOVE = YES;
				CLANG_WARN_UNGUARDED_AVAILABILITY = YES_AGGRESSIVE;
				CLANG_WARN_UNREACHABLE_CODE = YES;
				CLANG_WARN__DUPLICATE_METHOD_MATCH = YES;
				COPY_PHASE_STRIP = NO;
				DEBUG_INFORMATION_FORMAT = dwarf;
				ENABLE_STRICT_OBJC_MSGSEND = YES;
				ENABLE_TESTABILITY = YES;
				GCC_C_LANGUAGE_STANDARD = gnu11;
				GCC_DYNAMIC_NO_PIC = NO;
				GCC_NO_COMMON_BLOCKS = YES;
				GCC_OPTIMIZATION_LEVEL = 0;
				GCC_PREPROCESSOR_DEFINITIONS = (
					"DEBUG=1",
					"$(inherited)",
				);
				GCC_WARN_64_TO_32_BIT_CONVERSION = YES;
				GCC_WARN_ABOUT_RETURN_TYPE = YES_ERROR;
				GCC_WARN_UNDECLARED_SELECTOR = YES;
				GCC_WARN_UNINITIALIZED_AUTOS = YES_AGGRESSIVE;
				GCC_WARN_UNUSED_FUNCTION = YES;
				GCC_WARN_UNUSED_VARIABLE = YES;
				IPHONEOS_DEPLOYMENT_TARGET = 16.2;
				MTL_ENABLE_DEBUG_INFO = INCLUDE_SOURCE;
				MTL_FAST_MATH = YES;
				ONLY_ACTIVE_ARCH = YES;
				SDKROOT = iphoneos;
				SWIFT_ACTIVE_COMPILATION_CONDITIONS = DEBUG;
				SWIFT_OPTIMIZATION_LEVEL = "-Onone";
			};
			name = Debug;
		};
		EE27C18A2A1A7963006CF044 /* Release */ = {
			isa = XCBuildConfiguration;
			buildSettings = {
				ALWAYS_SEARCH_USER_PATHS = NO;
				CLANG_ANALYZER_NONNULL = YES;
				CLANG_ANALYZER_NUMBER_OBJECT_CONVERSION = YES_AGGRESSIVE;
				CLANG_CXX_LANGUAGE_STANDARD = "gnu++20";
				CLANG_ENABLE_MODULES = YES;
				CLANG_ENABLE_OBJC_ARC = YES;
				CLANG_ENABLE_OBJC_WEAK = YES;
				CLANG_WARN_BLOCK_CAPTURE_AUTORELEASING = YES;
				CLANG_WARN_BOOL_CONVERSION = YES;
				CLANG_WARN_COMMA = YES;
				CLANG_WARN_CONSTANT_CONVERSION = YES;
				CLANG_WARN_DEPRECATED_OBJC_IMPLEMENTATIONS = YES;
				CLANG_WARN_DIRECT_OBJC_ISA_USAGE = YES_ERROR;
				CLANG_WARN_DOCUMENTATION_COMMENTS = YES;
				CLANG_WARN_EMPTY_BODY = YES;
				CLANG_WARN_ENUM_CONVERSION = YES;
				CLANG_WARN_INFINITE_RECURSION = YES;
				CLANG_WARN_INT_CONVERSION = YES;
				CLANG_WARN_NON_LITERAL_NULL_CONVERSION = YES;
				CLANG_WARN_OBJC_IMPLICIT_RETAIN_SELF = YES;
				CLANG_WARN_OBJC_LITERAL_CONVERSION = YES;
				CLANG_WARN_OBJC_ROOT_CLASS = YES_ERROR;
				CLANG_WARN_QUOTED_INCLUDE_IN_FRAMEWORK_HEADER = YES;
				CLANG_WARN_RANGE_LOOP_ANALYSIS = YES;
				CLANG_WARN_STRICT_PROTOTYPES = YES;
				CLANG_WARN_SUSPICIOUS_MOVE = YES;
				CLANG_WARN_UNGUARDED_AVAILABILITY = YES_AGGRESSIVE;
				CLANG_WARN_UNREACHABLE_CODE = YES;
				CLANG_WARN__DUPLICATE_METHOD_MATCH = YES;
				COPY_PHASE_STRIP = NO;
				DEBUG_INFORMATION_FORMAT = "dwarf-with-dsym";
				ENABLE_NS_ASSERTIONS = NO;
				ENABLE_STRICT_OBJC_MSGSEND = YES;
				GCC_C_LANGUAGE_STANDARD = gnu11;
				GCC_NO_COMMON_BLOCKS = YES;
				GCC_WARN_64_TO_32_BIT_CONVERSION = YES;
				GCC_WARN_ABOUT_RETURN_TYPE = YES_ERROR;
				GCC_WARN_UNDECLARED_SELECTOR = YES;
				GCC_WARN_UNINITIALIZED_AUTOS = YES_AGGRESSIVE;
				GCC_WARN_UNUSED_FUNCTION = YES;
				GCC_WARN_UNUSED_VARIABLE = YES;
				IPHONEOS_DEPLOYMENT_TARGET = 16.2;
				MTL_ENABLE_DEBUG_INFO = NO;
				MTL_FAST_MATH = YES;
				SDKROOT = iphoneos;
				SWIFT_COMPILATION_MODE = wholemodule;
				SWIFT_OPTIMIZATION_LEVEL = "-O";
				VALIDATE_PRODUCT = YES;
			};
			name = Release;
		};
		EE27C18C2A1A7963006CF044 /* Debug */ = {
			isa = XCBuildConfiguration;
			baseConfigurationReference = 28A1172CB9D0FCBBFA2CF431 /* Pods-Sporty.debug.xcconfig */;
			buildSettings = {
				ASSETCATALOG_COMPILER_APPICON_NAME = AppIcon;
				ASSETCATALOG_COMPILER_GLOBAL_ACCENT_COLOR_NAME = AccentColor;
				CODE_SIGN_STYLE = Automatic;
				CURRENT_PROJECT_VERSION = 1;
				DEVELOPMENT_TEAM = 897595TQZ8;
				GENERATE_INFOPLIST_FILE = YES;
				INFOPLIST_FILE = Sporty/Info.plist;
				INFOPLIST_KEY_UIApplicationSupportsIndirectInputEvents = YES;
				INFOPLIST_KEY_UILaunchStoryboardName = LaunchScreen;
				INFOPLIST_KEY_UIMainStoryboardFile = Main;
				INFOPLIST_KEY_UISupportedInterfaceOrientations_iPad = "UIInterfaceOrientationPortrait UIInterfaceOrientationPortraitUpsideDown UIInterfaceOrientationLandscapeLeft UIInterfaceOrientationLandscapeRight";
				INFOPLIST_KEY_UISupportedInterfaceOrientations_iPhone = "UIInterfaceOrientationPortrait UIInterfaceOrientationLandscapeLeft UIInterfaceOrientationLandscapeRight";
				IPHONEOS_DEPLOYMENT_TARGET = 13;
				LD_RUNPATH_SEARCH_PATHS = (
					"$(inherited)",
					"@executable_path/Frameworks",
				);
				MARKETING_VERSION = 1.0;
				PRODUCT_BUNDLE_IDENTIFIER = com.iti.Sporty;
				PRODUCT_NAME = "$(TARGET_NAME)";
				SWIFT_EMIT_LOC_STRINGS = YES;
				SWIFT_VERSION = 5.0;
				TARGETED_DEVICE_FAMILY = "1,2";
			};
			name = Debug;
		};
		EE27C18D2A1A7963006CF044 /* Release */ = {
			isa = XCBuildConfiguration;
			baseConfigurationReference = E168B33C83275F4DAC29E79C /* Pods-Sporty.release.xcconfig */;
			buildSettings = {
				ASSETCATALOG_COMPILER_APPICON_NAME = AppIcon;
				ASSETCATALOG_COMPILER_GLOBAL_ACCENT_COLOR_NAME = AccentColor;
				CODE_SIGN_STYLE = Automatic;
				CURRENT_PROJECT_VERSION = 1;
				DEVELOPMENT_TEAM = 897595TQZ8;
				GENERATE_INFOPLIST_FILE = YES;
				INFOPLIST_FILE = Sporty/Info.plist;
				INFOPLIST_KEY_UIApplicationSupportsIndirectInputEvents = YES;
				INFOPLIST_KEY_UILaunchStoryboardName = LaunchScreen;
				INFOPLIST_KEY_UIMainStoryboardFile = Main;
				INFOPLIST_KEY_UISupportedInterfaceOrientations_iPad = "UIInterfaceOrientationPortrait UIInterfaceOrientationPortraitUpsideDown UIInterfaceOrientationLandscapeLeft UIInterfaceOrientationLandscapeRight";
				INFOPLIST_KEY_UISupportedInterfaceOrientations_iPhone = "UIInterfaceOrientationPortrait UIInterfaceOrientationLandscapeLeft UIInterfaceOrientationLandscapeRight";
				IPHONEOS_DEPLOYMENT_TARGET = 13;
				LD_RUNPATH_SEARCH_PATHS = (
					"$(inherited)",
					"@executable_path/Frameworks",
				);
				MARKETING_VERSION = 1.0;
				PRODUCT_BUNDLE_IDENTIFIER = com.iti.Sporty;
				PRODUCT_NAME = "$(TARGET_NAME)";
				SWIFT_EMIT_LOC_STRINGS = YES;
				SWIFT_VERSION = 5.0;
				TARGETED_DEVICE_FAMILY = "1,2";
			};
			name = Release;
		};
		EE27C18F2A1A7963006CF044 /* Debug */ = {
			isa = XCBuildConfiguration;
			baseConfigurationReference = 964FF7D4A6C6B096F1015296 /* Pods-SportyTests.debug.xcconfig */;
			buildSettings = {
				ALWAYS_EMBED_SWIFT_STANDARD_LIBRARIES = YES;
				BUNDLE_LOADER = "$(TEST_HOST)";
				CODE_SIGN_STYLE = Automatic;
				CURRENT_PROJECT_VERSION = 1;
				GENERATE_INFOPLIST_FILE = YES;
				IPHONEOS_DEPLOYMENT_TARGET = 16.2;
				MARKETING_VERSION = 1.0;
				PRODUCT_BUNDLE_IDENTIFIER = com.iti.SportyTests;
				PRODUCT_NAME = "$(TARGET_NAME)";
				SWIFT_EMIT_LOC_STRINGS = NO;
				SWIFT_VERSION = 5.0;
				TARGETED_DEVICE_FAMILY = "1,2";
				TEST_HOST = "$(BUILT_PRODUCTS_DIR)/Sporty.app/$(BUNDLE_EXECUTABLE_FOLDER_PATH)/Sporty";
			};
			name = Debug;
		};
		EE27C1902A1A7963006CF044 /* Release */ = {
			isa = XCBuildConfiguration;
			baseConfigurationReference = CDA78C078BF7B0D6994ECDF3 /* Pods-SportyTests.release.xcconfig */;
			buildSettings = {
				ALWAYS_EMBED_SWIFT_STANDARD_LIBRARIES = YES;
				BUNDLE_LOADER = "$(TEST_HOST)";
				CODE_SIGN_STYLE = Automatic;
				CURRENT_PROJECT_VERSION = 1;
				GENERATE_INFOPLIST_FILE = YES;
				IPHONEOS_DEPLOYMENT_TARGET = 16.2;
				MARKETING_VERSION = 1.0;
				PRODUCT_BUNDLE_IDENTIFIER = com.iti.SportyTests;
				PRODUCT_NAME = "$(TARGET_NAME)";
				SWIFT_EMIT_LOC_STRINGS = NO;
				SWIFT_VERSION = 5.0;
				TARGETED_DEVICE_FAMILY = "1,2";
				TEST_HOST = "$(BUILT_PRODUCTS_DIR)/Sporty.app/$(BUNDLE_EXECUTABLE_FOLDER_PATH)/Sporty";
			};
			name = Release;
		};
		EE27C1922A1A7963006CF044 /* Debug */ = {
			isa = XCBuildConfiguration;
			baseConfigurationReference = 1BF6977D649EE2D75C7AFE93 /* Pods-Sporty-SportyUITests.debug.xcconfig */;
			buildSettings = {
				ALWAYS_EMBED_SWIFT_STANDARD_LIBRARIES = YES;
				CODE_SIGN_STYLE = Automatic;
				CURRENT_PROJECT_VERSION = 1;
				GENERATE_INFOPLIST_FILE = YES;
				MARKETING_VERSION = 1.0;
				PRODUCT_BUNDLE_IDENTIFIER = com.iti.SportyUITests;
				PRODUCT_NAME = "$(TARGET_NAME)";
				SWIFT_EMIT_LOC_STRINGS = NO;
				SWIFT_VERSION = 5.0;
				TARGETED_DEVICE_FAMILY = "1,2";
				TEST_TARGET_NAME = Sporty;
			};
			name = Debug;
		};
		EE27C1932A1A7963006CF044 /* Release */ = {
			isa = XCBuildConfiguration;
			baseConfigurationReference = E5B49307847B9972D742C8F6 /* Pods-Sporty-SportyUITests.release.xcconfig */;
			buildSettings = {
				ALWAYS_EMBED_SWIFT_STANDARD_LIBRARIES = YES;
				CODE_SIGN_STYLE = Automatic;
				CURRENT_PROJECT_VERSION = 1;
				GENERATE_INFOPLIST_FILE = YES;
				MARKETING_VERSION = 1.0;
				PRODUCT_BUNDLE_IDENTIFIER = com.iti.SportyUITests;
				PRODUCT_NAME = "$(TARGET_NAME)";
				SWIFT_EMIT_LOC_STRINGS = NO;
				SWIFT_VERSION = 5.0;
				TARGETED_DEVICE_FAMILY = "1,2";
				TEST_TARGET_NAME = Sporty;
			};
			name = Release;
		};
/* End XCBuildConfiguration section */

/* Begin XCConfigurationList section */
		EE27C1592A1A7961006CF044 /* Build configuration list for PBXProject "Sporty" */ = {
			isa = XCConfigurationList;
			buildConfigurations = (
				EE27C1892A1A7963006CF044 /* Debug */,
				EE27C18A2A1A7963006CF044 /* Release */,
			);
			defaultConfigurationIsVisible = 0;
			defaultConfigurationName = Release;
		};
		EE27C18B2A1A7963006CF044 /* Build configuration list for PBXNativeTarget "Sporty" */ = {
			isa = XCConfigurationList;
			buildConfigurations = (
				EE27C18C2A1A7963006CF044 /* Debug */,
				EE27C18D2A1A7963006CF044 /* Release */,
			);
			defaultConfigurationIsVisible = 0;
			defaultConfigurationName = Release;
		};
		EE27C18E2A1A7963006CF044 /* Build configuration list for PBXNativeTarget "SportyTests" */ = {
			isa = XCConfigurationList;
			buildConfigurations = (
				EE27C18F2A1A7963006CF044 /* Debug */,
				EE27C1902A1A7963006CF044 /* Release */,
			);
			defaultConfigurationIsVisible = 0;
			defaultConfigurationName = Release;
		};
		EE27C1912A1A7963006CF044 /* Build configuration list for PBXNativeTarget "SportyUITests" */ = {
			isa = XCConfigurationList;
			buildConfigurations = (
				EE27C1922A1A7963006CF044 /* Debug */,
				EE27C1932A1A7963006CF044 /* Release */,
			);
			defaultConfigurationIsVisible = 0;
			defaultConfigurationName = Release;
		};
/* End XCConfigurationList section */

/* Begin XCVersionGroup section */
		EE27C16A2A1A7962006CF044 /* Sporty.xcdatamodeld */ = {
			isa = XCVersionGroup;
			children = (
				EE27C16B2A1A7962006CF044 /* Sporty.xcdatamodel */,
			);
			currentVersion = EE27C16B2A1A7962006CF044 /* Sporty.xcdatamodel */;
			path = Sporty.xcdatamodeld;
			sourceTree = "<group>";
			versionGroupType = wrapper.xcdatamodel;
		};
/* End XCVersionGroup section */
	};
	rootObject = EE27C1562A1A7961006CF044 /* Project object */;
}
